
Microsoft Visual Studio Solution File, Format Version 12.00
# Visual Studio Version 17
VisualStudioVersion = 17.11.35312.102
MinimumVisualStudioVersion = 10.0.40219.1
Project("{FAE04EC0-301F-11D3-BF4B-00C04F79EFBC}") = "GestionProductos", "GestionProductos.csproj", "{2B47EAF2-DA88-4CDE-B2F8-C18276F70981}"
EndProject
Global
	GlobalSection(SolutionConfigurationPlatforms) = preSolution
		Debug|Any CPU = Debug|Any CPU
		Release|Any CPU = Release|Any CPU
	EndGlobalSection
	GlobalSection(ProjectConfigurationPlatforms) = postSolution
		{2B47EAF2-DA88-4CDE-B2F8-C18276F70981}.Debug|Any CPU.ActiveCfg = Debug|Any CPU
		{2B47EAF2-DA88-4CDE-B2F8-C18276F70981}.Debug|Any CPU.Build.0 = Debug|Any CPU
		{2B47EAF2-DA88-4CDE-B2F8-C18276F70981}.Release|Any CPU.ActiveCfg = Release|Any CPU
		{2B47EAF2-DA88-4CDE-B2F8-C18276F70981}.Release|Any CPU.Build.0 = Release|Any CPU
	EndGlobalSection
	GlobalSection(SolutionProperties) = preSolution
		HideSolutionNode = FALSE
	EndGlobalSection
	GlobalSection(ExtensibilityGlobals) = postSolution
		SolutionGuid = {AF172378-5E8F-4C58-A767-9909C42C1047}
	EndGlobalSection
EndGlobal
